
Microsoft Visual Studio Solution File, Format Version 12.00
Project("{FAE04EC0-301F-11D3-BF4B-00C04F79EFBC}") = "CodingChallenge", "CodingChallenge\CodingChallenge.csproj", "{F3A70D82-8CA6-47F4-A0EC-CC5E2C204116}"
EndProject
Global
	GlobalSection(SolutionConfigurationPlatforms) = preSolution
		Debug|Any CPU = Debug|Any CPU
		Release|Any CPU = Release|Any CPU
	EndGlobalSection
	GlobalSection(ProjectConfigurationPlatforms) = postSolution
		{F3A70D82-8CA6-47F4-A0EC-CC5E2C204116}.Debug|Any CPU.ActiveCfg = Debug|Any CPU
		{F3A70D82-8CA6-47F4-A0EC-CC5E2C204116}.Debug|Any CPU.Build.0 = Debug|Any CPU
		{F3A70D82-8CA6-47F4-A0EC-CC5E2C204116}.Release|Any CPU.ActiveCfg = Release|Any CPU
		{F3A70D82-8CA6-47F4-A0EC-CC5E2C204116}.Release|Any CPU.Build.0 = Release|Any CPU
	EndGlobalSection
EndGlobal
